
Microsoft Visual Studio Solution File, Format Version 12.00
# Visual Studio Version 17
VisualStudioVersion = 17.2.32630.192
MinimumVisualStudioVersion = 10.0.40219.1
Project("{FAE04EC0-301F-11D3-BF4B-00C04F79EFBC}") = "won12 installer", "won12 installer\won12 installer.csproj", "{0AB25271-7DB7-48E2-B3DF-1FD121E66B6E}"
EndProject
Global
	GlobalSection(SolutionConfigurationPlatforms) = preSolution
		Debug|Any CPU = Debug|Any CPU
		Release|Any CPU = Release|Any CPU
	EndGlobalSection
	GlobalSection(ProjectConfigurationPlatforms) = postSolution
		{0AB25271-7DB7-48E2-B3DF-1FD121E66B6E}.Debug|Any CPU.ActiveCfg = Debug|Any CPU
		{0AB25271-7DB7-48E2-B3DF-1FD121E66B6E}.Debug|Any CPU.Build.0 = Debug|Any CPU
		{0AB25271-7DB7-48E2-B3DF-1FD121E66B6E}.Release|Any CPU.ActiveCfg = Release|Any CPU
		{0AB25271-7DB7-48E2-B3DF-1FD121E66B6E}.Release|Any CPU.Build.0 = Release|Any CPU
	EndGlobalSection
	GlobalSection(SolutionProperties) = preSolution
		HideSolutionNode = FALSE
	EndGlobalSection
	GlobalSection(ExtensibilityGlobals) = postSolution
		SolutionGuid = {D01D8AEF-0AB2-4D6D-981A-10F9EA7C6FF6}
	EndGlobalSection
EndGlobal
